
Microsoft Visual Studio Solution File, Format Version 12.00
# Visual Studio 15
VisualStudioVersion = 15.0.28010.2003
MinimumVisualStudioVersion = 10.0.40219.1
Project("{FAE04EC0-301F-11D3-BF4B-00C04F79EFBC}") = "S_Datos", "S_Datos\S_Datos.csproj", "{9CFBD73D-C1E1-45A8-9A5D-E332B599D693}"
EndProject
Project("{FAE04EC0-301F-11D3-BF4B-00C04F79EFBC}") = "S_Negocio", "S_Negocio\S_Negocio.csproj", "{9C0423C8-E482-40B1-BC92-9DE11DD0AA86}"
EndProject
Project("{FAE04EC0-301F-11D3-BF4B-00C04F79EFBC}") = "S_Presentacion", "S_Presentacion\S_Presentacion.csproj", "{A10FC66E-430F-437C-A3A9-D0986B07BC4D}"
EndProject
Global
	GlobalSection(SolutionConfigurationPlatforms) = preSolution
		Debug|Any CPU = Debug|Any CPU
		Release|Any CPU = Release|Any CPU
	EndGlobalSection
	GlobalSection(ProjectConfigurationPlatforms) = postSolution
		{9CFBD73D-C1E1-45A8-9A5D-E332B599D693}.Debug|Any CPU.ActiveCfg = Debug|Any CPU
		{9CFBD73D-C1E1-45A8-9A5D-E332B599D693}.Debug|Any CPU.Build.0 = Debug|Any CPU
		{9CFBD73D-C1E1-45A8-9A5D-E332B599D693}.Release|Any CPU.ActiveCfg = Release|Any CPU
		{9CFBD73D-C1E1-45A8-9A5D-E332B599D693}.Release|Any CPU.Build.0 = Release|Any CPU
		{9C0423C8-E482-40B1-BC92-9DE11DD0AA86}.Debug|Any CPU.ActiveCfg = Debug|Any CPU
		{9C0423C8-E482-40B1-BC92-9DE11DD0AA86}.Debug|Any CPU.Build.0 = Debug|Any CPU
		{9C0423C8-E482-40B1-BC92-9DE11DD0AA86}.Release|Any CPU.ActiveCfg = Release|Any CPU
		{9C0423C8-E482-40B1-BC92-9DE11DD0AA86}.Release|Any CPU.Build.0 = Release|Any CPU
		{A10FC66E-430F-437C-A3A9-D0986B07BC4D}.Debug|Any CPU.ActiveCfg = Debug|Any CPU
		{A10FC66E-430F-437C-A3A9-D0986B07BC4D}.Debug|Any CPU.Build.0 = Debug|Any CPU
		{A10FC66E-430F-437C-A3A9-D0986B07BC4D}.Release|Any CPU.ActiveCfg = Release|Any CPU
		{A10FC66E-430F-437C-A3A9-D0986B07BC4D}.Release|Any CPU.Build.0 = Release|Any CPU
	EndGlobalSection
	GlobalSection(SolutionProperties) = preSolution
		HideSolutionNode = FALSE
	EndGlobalSection
	GlobalSection(ExtensibilityGlobals) = postSolution
		SolutionGuid = {BCDD5B7E-F18E-4448-9E2C-199B3BDEAF6B}
	EndGlobalSection
EndGlobal
